# THIS IS AN AUTOGENERATED FILE. DO NOT EDIT THIS FILE DIRECTLY.
# yarn lockfile v1


"@antv/adjust@^0.2.1":
  version "0.2.2"
  resolved "https://registry.npm.taobao.org/@antv/adjust/download/@antv/adjust-0.2.2.tgz#569ff937213d14a803b17f054cbe1db06805c508"
  integrity sha1-Vp/5NyE9FKgDsX8FTL4dsGgFxQg=
  dependencies:
    "@antv/util" "~2.0.0"
    tslib "^1.10.0"

"@antv/attr@^0.3.1":
  version "0.3.2"
  resolved "https://registry.npm.taobao.org/@antv/attr/download/@antv/attr-0.3.2.tgz#e5866b64870c62f3a9c25b8a61f654ba2bfda051"
  integrity sha1-5YZrZIcMYvOpwluKYfZUuiv9oFE=
  dependencies:
    "@antv/color-util" "^2.0.1"
    "@antv/util" "~2.0.0"
    tslib "^1.10.0"

"@antv/color-util@^2.0.1", "@antv/color-util@^2.0.2":
  version "2.0.5"
  resolved "https://registry.npm.taobao.org/@antv/color-util/download/@antv/color-util-2.0.5.tgz#6c6c14ad2873526bcba72380b781a2b24360ac6e"
  integrity sha1-bGwUrShzUmvLpyOAt4GiskNgrG4=
  dependencies:
    "@antv/util" "^2.0.9"
    tslib "^1.10.0"

"@antv/component@^0.5.6":
  version "0.5.7"
  resolved "https://registry.npm.taobao.org/@antv/component/download/@antv/component-0.5.7.tgz#b658a4e54c5012947abedcc069c922c3e2aebc17"
  integrity sha1-tlik5UxQEpR6vtzAackiw+KuvBc=
  dependencies:
    "@antv/dom-util" "~2.0.1"
    "@antv/g-base" "~0.4.0"
    "@antv/matrix-util" "~2.0.4"
    "@antv/path-util" "~2.0.7"
    "@antv/scale" "~0.3.1"
    "@antv/util" "~2.0.0"
    tslib "^1.10.0"

"@antv/component@^0.6.0", "@antv/component@~0.6.1":
  version "0.6.1"
  resolved "https://registry.npm.taobao.org/@antv/component/download/@antv/component-0.6.1.tgz#fdb624e72b84d07416394f7a1e2284a57f1e410c"
  integrity sha1-/bYk5yuE0HQWOU96HiKEpX8eQQw=
  dependencies:
    "@antv/dom-util" "~2.0.1"
    "@antv/g-base" "~0.4.0"
    "@antv/matrix-util" "^3.1.0-beta.1"
    "@antv/path-util" "~2.0.7"
    "@antv/scale" "~0.3.1"
    "@antv/util" "~2.0.0"
    tslib "^1.10.0"

"@antv/coord@^0.3.0", "@antv/coord@~0.3.0":
  version "0.3.0"
  resolved "https://registry.npm.taobao.org/@antv/coord/download/@antv/coord-0.3.0.tgz#47239cfd3545f87b7a67a9bed92d12a529d5a996"
  integrity sha1-RyOc/TVF+Ht6Z6m+2S0SpSnVqZY=
  dependencies:
    "@antv/matrix-util" "^3.1.0-beta.2"
    "@antv/util" "~2.0.3"
    tslib "^1.10.0"

"@antv/dom-util@~2.0.1", "@antv/dom-util@~2.0.2":
  version "2.0.2"
  resolved "https://registry.npm.taobao.org/@antv/dom-util/download/@antv/dom-util-2.0.2.tgz#4c7b0a195e027e55570435a6825cec56dfb0b590"
  integrity sha1-THsKGV4CflVXBDWmglzsVt+wtZA=
  dependencies:
    tslib "^1.10.0"

"@antv/event-emitter@^0.1.1", "@antv/event-emitter@~0.1.0", "@antv/event-emitter@~0.1.2":
  version "0.1.2"
  resolved "https://registry.npm.taobao.org/@antv/event-emitter/download/@antv/event-emitter-0.1.2.tgz#a17b7cb86e6d071880dc6bfb232756f88624ecbc"
  integrity sha1-oXt8uG5tBxiA3Gv7IydW+IYk7Lw=

"@antv/g-base@^0.4.3", "@antv/g-base@^0.4.7", "@antv/g-base@~0.4.0":
  version "0.4.7"
  resolved "https://registry.npm.taobao.org/@antv/g-base/download/@antv/g-base-0.4.7.tgz#7698fc4c8cb381f2b789a30fbeb26b1e88c48196"
  integrity sha1-dpj8TIyzgfK3iaMPvrJrHojEgZY=
  dependencies:
    "@antv/event-emitter" "^0.1.1"
    "@antv/g-math" "^0.1.3"
    "@antv/matrix-util" "^3.1.0-beta.1"
    "@antv/path-util" "~2.0.5"
    "@antv/util" "~2.0.0"
    "@types/d3-timer" "^1.0.9"
    d3-ease "^1.0.5"
    d3-interpolate "^1.3.2"
    d3-timer "^1.0.9"
    detect-browser "^5.1.0"

"@antv/g-canvas@^0.4.0", "@antv/g-canvas@~0.4.0":
  version "0.4.14"
  resolved "https://registry.npm.taobao.org/@antv/g-canvas/download/@antv/g-canvas-0.4.14.tgz#fb97afdc997ad8fdfd07a4104547c46c61a1b28a"
  integrity sha1-+5ev3Jl62P39B6QQRUfEbGGhsoo=
  dependencies:
    "@antv/g-base" "^0.4.7"
    "@antv/g-math" "^0.1.3"
    "@antv/path-util" "~2.0.5"
    "@antv/util" "~2.0.0"
    gl-matrix "^3.0.0"

"@antv/g-gesture@~1.0.0":
  version "1.0.0"
  resolved "https://registry.npm.taobao.org/@antv/g-gesture/download/@antv/g-gesture-1.0.0.tgz#4586991b746852e0890b963d728bba3761d6cd05"
  integrity sha1-RYaZG3RoUuCJC5Y9cou6N2HWzQU=
  dependencies:
    "@antv/event-emitter" "~0.1.2"
    d3-ease "^1.0.5"

"@antv/g-math@^0.1.3":
  version "0.1.3"
  resolved "https://registry.npm.taobao.org/@antv/g-math/download/@antv/g-math-0.1.3.tgz#8922f44bef74314640b591f53583c1217b715c0f"
  integrity sha1-iSL0S+90MUZAtZH1NYPBIXtxXA8=
  dependencies:
    "@antv/util" "~2.0.0"
    gl-matrix "^3.0.0"

"@antv/g-svg@^0.4.0", "@antv/g-svg@~0.4.0":
  version "0.4.7"
  resolved "https://registry.npm.taobao.org/@antv/g-svg/download/@antv/g-svg-0.4.7.tgz#0d65e1db34e6dfe609aadb3eddf4748db02f0b01"
  integrity sha1-DWXh2zTm3+YJqts+3fR0jbAvCwE=
  dependencies:
    "@antv/g-base" "^0.4.7"
    "@antv/g-math" "^0.1.3"
    "@antv/util" "~2.0.0"
    detect-browser "^4.6.0"

"@antv/g2@4.0.12", "@antv/g2@~4.0.9":
  version "4.0.12"
  resolved "https://registry.npm.taobao.org/@antv/g2/download/@antv/g2-4.0.12.tgz#3cb582e12499af5f2716c700ec8e781fc77c69ab"
  integrity sha1-PLWC4SSZr18nFscA7I54H8d8aas=
  dependencies:
    "@antv/adjust" "^0.2.1"
    "@antv/attr" "^0.3.1"
    "@antv/color-util" "^2.0.2"
    "@antv/component" "^0.6.0"
    "@antv/coord" "^0.3.0"
    "@antv/event-emitter" "~0.1.0"
    "@antv/g-base" "^0.4.3"
    "@antv/g-canvas" "^0.4.0"
    "@antv/g-svg" "^0.4.0"
    "@antv/matrix-util" "^3.1.0-beta.1"
    "@antv/path-util" "^2.0.3"
    "@antv/scale" "^0.3.1"
    "@antv/util" "~2.0.5"
    tslib "^2.0.0"

"@antv/g2plot@1.1.7":
  version "1.1.7"
  resolved "https://registry.npm.taobao.org/@antv/g2plot/download/@antv/g2plot-1.1.7.tgz#dcfa55c5ccc829f8a9d7fdf50065c0ec45ff64ee"
  integrity sha1-3PpVxczIKfip1/31AGXA7EX/ZO4=
  dependencies:
    "@antv/component" "~0.6.1"
    "@antv/coord" "~0.3.0"
    "@antv/dom-util" "~2.0.2"
    "@antv/event-emitter" "~0.1.2"
    "@antv/g-base" "~0.4.0"
    "@antv/g-canvas" "~0.4.0"
    "@antv/g-gesture" "~1.0.0"
    "@antv/g-svg" "~0.4.0"
    "@antv/g2" "~4.0.9"
    "@antv/matrix-util" "~3.1.0-beta.1"
    "@antv/scale" "~0.3.1"
    "@antv/util" "~2.0.7"
    d3-regression "~1.3.4"
    resize-observer-polyfill "^1.5.1"
    tslib "^1.11.1"
    warning "^4.0.3"

"@antv/gl-matrix@^2.7.1":
  version "2.7.1"
  resolved "https://registry.npm.taobao.org/@antv/gl-matrix/download/@antv/gl-matrix-2.7.1.tgz#acb8e37f7ab3df01345aba4372d7942be42eba14"
  integrity sha1-rLjjf3qz3wE0WrpDcteUK+QuuhQ=

"@antv/matrix-util@^3.1.0-beta.1", "@antv/matrix-util@^3.1.0-beta.2", "@antv/matrix-util@~3.1.0-beta.1":
  version "3.1.0-beta.2"
  resolved "https://registry.npm.taobao.org/@antv/matrix-util/download/@antv/matrix-util-3.1.0-beta.2.tgz#b4afafb70dbdf52affca308d3546c8a090fd23ca"
  integrity sha1-tK+vtw299Sr/yjCNNUbIoJD9I8o=
  dependencies:
    "@antv/util" "^2.0.9"
    gl-matrix "^3.3.0"
    tslib "^1.10.0"

"@antv/matrix-util@~2.0.4":
  version "2.0.7"
  resolved "https://registry.npm.taobao.org/@antv/matrix-util/download/@antv/matrix-util-2.0.7.tgz#a5190599d424c1518a1b5eb3a548271d7e98fc44"
  integrity sha1-pRkFmdQkwVGKG16zpUgnHX6Y/EQ=
  dependencies:
    "@antv/gl-matrix" "^2.7.1"
    "@antv/util" "^2.0.7"
    tslib "^1.10.0"

"@antv/path-util@^2.0.3", "@antv/path-util@~2.0.5", "@antv/path-util@~2.0.7":
  version "2.0.8"
  resolved "https://registry.npm.taobao.org/@antv/path-util/download/@antv/path-util-2.0.8.tgz#9bc54d2b7198aad988a9cc4a6de9054f26919b84"
  integrity sha1-m8VNK3GYqtmIqcxKbekFTyaRm4Q=
  dependencies:
    "@antv/util" "^2.0.9"
    tslib "^1.10.0"

"@antv/scale@^0.3.1", "@antv/scale@~0.3.1":
  version "0.3.2"
  resolved "https://registry.npm.taobao.org/@antv/scale/download/@antv/scale-0.3.2.tgz?cache=0&sync_timestamp=1594957465956&other_urls=https%3A%2F%2Fregistry.npm.taobao.org%2F%40antv%2Fscale%2Fdownload%2F%40antv%2Fscale-0.3.2.tgz#3185cd9a27262c9ee051f5f65ac801aefcf2a1a7"
  integrity sha1-MYXNmicmLJ7gUfX2WsgBrvzyoac=
  dependencies:
    "@antv/util" "~2.0.3"
    fecha "~4.2.0"
    tslib "^2.0.0"

"@antv/util@^2.0.5", "@antv/util@^2.0.7", "@antv/util@^2.0.9", "@antv/util@~2.0.0", "@antv/util@~2.0.3", "@antv/util@~2.0.5", "@antv/util@~2.0.7":
  version "2.0.9"
  resolved "https://registry.npm.taobao.org/@antv/util/download/@antv/util-2.0.9.tgz#bd3e296a392e11fbe2781fde39d8e70ba1c53ed0"
  integrity sha1-vT4pajkuEfvieB/eOdjnC6HFPtA=
  dependencies:
    tslib "^1.10.0"

"@types/d3-timer@^1.0.9":
  version "1.0.9"
  resolved "https://registry.npm.taobao.org/@types/d3-timer/download/@types/d3-timer-1.0.9.tgz#aed1bde0cf18920d33f5d44839d73de393633fd3"
  integrity sha1-rtG94M8Ykg0z9dRIOdc945NjP9M=

bizcharts@^4.0.10:
  version "4.0.10"
  resolved "https://registry.npm.taobao.org/bizcharts/download/bizcharts-4.0.10.tgz?cache=0&sync_timestamp=1594779725500&other_urls=https%3A%2F%2Fregistry.npm.taobao.org%2Fbizcharts%2Fdownload%2Fbizcharts-4.0.10.tgz#3b853f6de45120f7ae2ae63eeab106c2deb48e21"
  integrity sha1-O4U/beRRIPeuKuY+6rEGwt60jiE=
  dependencies:
    "@antv/component" "^0.5.6"
    "@antv/g2" "4.0.12"
    "@antv/g2plot" "1.1.7"
    "@antv/util" "^2.0.5"
    resize-observer-polyfill "^1.5.1"
    simple-statistics "^7.1.0"
    warning "^4.0.3"

d3-color@1:
  version "1.4.1"
  resolved "https://registry.npm.taobao.org/d3-color/download/d3-color-1.4.1.tgz#c52002bf8846ada4424d55d97982fef26eb3bc8a"
  integrity sha1-xSACv4hGraRCTVXZeYL+8m6zvIo=

d3-ease@^1.0.5:
  version "1.0.6"
  resolved "https://registry.npm.taobao.org/d3-ease/download/d3-ease-1.0.6.tgz#ebdb6da22dfac0a22222f2d4da06f66c416a0ec0"
  integrity sha1-69ttoi36wKIiIvLU2gb2bEFqDsA=

d3-interpolate@^1.3.2:
  version "1.4.0"
  resolved "https://registry.npm.taobao.org/d3-interpolate/download/d3-interpolate-1.4.0.tgz#526e79e2d80daa383f9e0c1c1c7dcc0f0583e987"
  integrity sha1-Um554tgNqjg/ngwcHH3MDwWD6Yc=
  dependencies:
    d3-color "1"

d3-regression@~1.3.4:
  version "1.3.4"
  resolved "https://registry.npm.taobao.org/d3-regression/download/d3-regression-1.3.4.tgz#a3414b1abe5a20d46a208d95e565a418be9a0e23"
  integrity sha1-o0FLGr5aINRqII2V5WWkGL6aDiM=

d3-timer@^1.0.9:
  version "1.0.10"
  resolved "https://registry.npm.taobao.org/d3-timer/download/d3-timer-1.0.10.tgz#dfe76b8a91748831b13b6d9c793ffbd508dd9de5"
  integrity sha1-3+dripF0iDGxO22ceT/71QjdneU=

detect-browser@^4.6.0:
  version "4.8.0"
  resolved "https://registry.npm.taobao.org/detect-browser/download/detect-browser-4.8.0.tgz?cache=0&sync_timestamp=1592805186522&other_urls=https%3A%2F%2Fregistry.npm.taobao.org%2Fdetect-browser%2Fdownload%2Fdetect-browser-4.8.0.tgz#1d73bd88c17be866901950ce0aaae1ed060902c6"
  integrity sha1-HXO9iMF76GaQGVDOCqrh7QYJAsY=

detect-browser@^5.1.0:
  version "5.1.1"
  resolved "https://registry.npm.taobao.org/detect-browser/download/detect-browser-5.1.1.tgz?cache=0&sync_timestamp=1592805186522&other_urls=https%3A%2F%2Fregistry.npm.taobao.org%2Fdetect-browser%2Fdownload%2Fdetect-browser-5.1.1.tgz#a800db91d3fd60d0861669f5984f1be9ffbe009c"
  integrity sha1-qADbkdP9YNCGFmn1mE8b6f++AJw=

fecha@~4.2.0:
  version "4.2.0"
  resolved "https://registry.npm.taobao.org/fecha/download/fecha-4.2.0.tgz#3ffb6395453e3f3efff850404f0a59b6747f5f41"
  integrity sha1-P/tjlUU+Pz7/+FBATwpZtnR/X0E=

gl-matrix@^3.0.0, gl-matrix@^3.3.0:
  version "3.3.0"
  resolved "https://registry.npm.taobao.org/gl-matrix/download/gl-matrix-3.3.0.tgz#232eef60b1c8b30a28cbbe75b2caf6c48fd6358b"
  integrity sha1-Iy7vYLHIswooy751ssr2xI/WNYs=

"js-tokens@^3.0.0 || ^4.0.0":
  version "4.0.0"
  resolved "https://registry.npm.taobao.org/js-tokens/download/js-tokens-4.0.0.tgz#19203fb59991df98e3a287050d4647cdeaf32499"
  integrity sha1-GSA/tZmR35jjoocFDUZHzerzJJk=

loose-envify@^1.0.0:
  version "1.4.0"
  resolved "https://registry.npm.taobao.org/loose-envify/download/loose-envify-1.4.0.tgz#71ee51fa7be4caec1a63839f7e682d8132d30caf"
  integrity sha1-ce5R+nvkyuwaY4OffmgtgTLTDK8=
  dependencies:
    js-tokens "^3.0.0 || ^4.0.0"

resize-observer-polyfill@^1.5.1:
  version "1.5.1"
  resolved "https://registry.npm.taobao.org/resize-observer-polyfill/download/resize-observer-polyfill-1.5.1.tgz#0e9020dd3d21024458d4ebd27e23e40269810464"
  integrity sha1-DpAg3T0hAkRY1OvSfiPkAmmBBGQ=

simple-statistics@^7.1.0:
  version "7.1.0"
  resolved "https://registry.npm.taobao.org/simple-statistics/download/simple-statistics-7.1.0.tgz#22a3ae8476650ff4cc1643fff6b636334629d352"
  integrity sha1-IqOuhHZlD/TMFkP/9rY2M0Yp01I=

tslib@^1.10.0, tslib@^1.11.1:
  version "1.13.0"
  resolved "https://registry.npm.taobao.org/tslib/download/tslib-1.13.0.tgz#c881e13cc7015894ed914862d276436fa9a47043"
  integrity sha1-yIHhPMcBWJTtkUhi0nZDb6mkcEM=

tslib@^2.0.0:
  version "2.0.0"
  resolved "https://registry.npm.taobao.org/tslib/download/tslib-2.0.0.tgz#18d13fc2dce04051e20f074cc8387fd8089ce4f3"
  integrity sha1-GNE/wtzgQFHiDwdMyDh/2Aic5PM=

warning@^4.0.3:
  version "4.0.3"
  resolved "https://registry.npm.taobao.org/warning/download/warning-4.0.3.tgz#16e9e077eb8a86d6af7d64aa1e05fd85b4678ca3"
  integrity sha1-Fungd+uKhtavfWSqHgX9hbRnjKM=
  dependencies:
    loose-envify "^1.0.0"
